// !$*UTF8*$!
{
	archiveVersion = 1;
	classes = {
	};
	objectVersion = 48;
	objects = {

/* Begin PBXBuildFile section */
		163CD9F1204DDD4B00A073DA /* AppDelegate.swift in Sources */ = {isa = PBXBuildFile; fileRef = 163CD9F0204DDD4B00A073DA /* AppDelegate.swift */; };
		163CD9F3204DDD4B00A073DA /* TextEntryViewController.swift in Sources */ = {isa = PBXBuildFile; fileRef = 163CD9F2204DDD4B00A073DA /* TextEntryViewController.swift */; };
		163CD9F9204DDD4B00A073DA /* umby.xcdatamodeld in Sources */ = {isa = PBXBuildFile; fileRef = 163CD9F7204DDD4B00A073DA /* umby.xcdatamodeld */; };
		163CDA06204DE13C00A073DA /* UIView+.swift in Sources */ = {isa = PBXBuildFile; fileRef = 163CDA05204DE13C00A073DA /* UIView+.swift */; };
		163CDA08204DE24500A073DA /* NSLayoutConstraint+.swift in Sources */ = {isa = PBXBuildFile; fileRef = 163CDA07204DE24500A073DA /* NSLayoutConstraint+.swift */; };
		163CDA0B204DE28400A073DA /* NSObject+.swift in Sources */ = {isa = PBXBuildFile; fileRef = 163CDA0A204DE28400A073DA /* NSObject+.swift */; };
		163CDA0D204DE64600A073DA /* Array+.swift in Sources */ = {isa = PBXBuildFile; fileRef = 163CDA0C204DE64600A073DA /* Array+.swift */; };
		163CDA0F204DECC500A073DA /* RootNavigationController.swift in Sources */ = {isa = PBXBuildFile; fileRef = 163CDA0E204DECC500A073DA /* RootNavigationController.swift */; };
		163CDA11204DEDCF00A073DA /* TypeAndFeelingTagSelectorViewController.swift in Sources */ = {isa = PBXBuildFile; fileRef = 163CDA10204DEDCF00A073DA /* TypeAndFeelingTagSelectorViewController.swift */; };
		165283CD2058A20E0046B641 /* UmbyRadioButtonGroup.swift in Sources */ = {isa = PBXBuildFile; fileRef = 165283CC2058A20E0046B641 /* UmbyRadioButtonGroup.swift */; };
		165283CF2058BF700046B641 /* TagType.swift in Sources */ = {isa = PBXBuildFile; fileRef = 165283CE2058BF700046B641 /* TagType.swift */; };
		165283D1205B38E40046B641 /* UmbySendEmailViewController.swift in Sources */ = {isa = PBXBuildFile; fileRef = 165283D0205B38E40046B641 /* UmbySendEmailViewController.swift */; };
		1652BB742051A9B600AA3D2B /* EntryListNavigationController.swift in Sources */ = {isa = PBXBuildFile; fileRef = 1652BB732051A9B600AA3D2B /* EntryListNavigationController.swift */; };
		1652BB762051C9A100AA3D2B /* Entry.swift in Sources */ = {isa = PBXBuildFile; fileRef = 1652BB752051C9A100AA3D2B /* Entry.swift */; };
		1652BB782051CABB00AA3D2B /* EntryDetailViewController.swift in Sources */ = {isa = PBXBuildFile; fileRef = 1652BB772051CABB00AA3D2B /* EntryDetailViewController.swift */; };
		1652BB7A2051D3ED00AA3D2B /* EntryManager.swift in Sources */ = {isa = PBXBuildFile; fileRef = 1652BB792051D3ED00AA3D2B /* EntryManager.swift */; };
		1652BB7D2051D75300AA3D2B /* UmbyNewEntryViewController.swift in Sources */ = {isa = PBXBuildFile; fileRef = 1652BB7C2051D75300AA3D2B /* UmbyNewEntryViewController.swift */; };
		165C811D205C477A0097D2A5 /* Tag.swift in Sources */ = {isa = PBXBuildFile; fileRef = 165C811C205C477A0097D2A5 /* Tag.swift */; };
		165C8120205C635B0097D2A5 /* Priority.swift in Sources */ = {isa = PBXBuildFile; fileRef = 165C811F205C635B0097D2A5 /* Priority.swift */; };
		16666CF8204DF94B00E43007 /* UmbyStyle.swift in Sources */ = {isa = PBXBuildFile; fileRef = 16666CF7204DF94B00E43007 /* UmbyStyle.swift */; };
		169647C8204F11020025EDB4 /* UIColor+.swift in Sources */ = {isa = PBXBuildFile; fileRef = 169647C7204F11020025EDB4 /* UIColor+.swift */; };
		169647CA204F208E0025EDB4 /* TagTableViewCell.swift in Sources */ = {isa = PBXBuildFile; fileRef = 169647C9204F208E0025EDB4 /* TagTableViewCell.swift */; };
		169647CF204F2CFE0025EDB4 /* WhoAndWhereTagSelectorViewController.swift in Sources */ = {isa = PBXBuildFile; fileRef = 169647CE204F2CFE0025EDB4 /* WhoAndWhereTagSelectorViewController.swift */; };
		169647D1204F45D80025EDB4 /* PrioritySelectorViewController.swift in Sources */ = {isa = PBXBuildFile; fileRef = 169647D0204F45D80025EDB4 /* PrioritySelectorViewController.swift */; };
		169647D4204F46820025EDB4 /* UmbyLabel.swift in Sources */ = {isa = PBXBuildFile; fileRef = 169647D3204F46820025EDB4 /* UmbyLabel.swift */; };
		169647D6204F47990025EDB4 /* UmbyViewController.swift in Sources */ = {isa = PBXBuildFile; fileRef = 169647D5204F47990025EDB4 /* UmbyViewController.swift */; };
		169647D8204F48180025EDB4 /* UmbyTextField.swift in Sources */ = {isa = PBXBuildFile; fileRef = 169647D7204F48180025EDB4 /* UmbyTextField.swift */; };
		169647DA204F48E70025EDB4 /* UmbyButton.swift in Sources */ = {isa = PBXBuildFile; fileRef = 169647D9204F48E70025EDB4 /* UmbyButton.swift */; };
		169647DC204F4A0F0025EDB4 /* UmbyTable.swift in Sources */ = {isa = PBXBuildFile; fileRef = 169647DB204F4A0F0025EDB4 /* UmbyTable.swift */; };
		169647DE204F4E400025EDB4 /* UmbyTableViewController.swift in Sources */ = {isa = PBXBuildFile; fileRef = 169647DD204F4E400025EDB4 /* UmbyTableViewController.swift */; };
		169647E0204F5B6A0025EDB4 /* SendEntryViewController.swift in Sources */ = {isa = PBXBuildFile; fileRef = 169647DF204F5B6A0025EDB4 /* SendEntryViewController.swift */; };
		169647E2205076510025EDB4 /* EntryListViewController.swift in Sources */ = {isa = PBXBuildFile; fileRef = 169647E1205076510025EDB4 /* EntryListViewController.swift */; };
		169647E620507BB60025EDB4 /* UmbyEntryTableViewCell.swift in Sources */ = {isa = PBXBuildFile; fileRef = 169647E520507BB60025EDB4 /* UmbyEntryTableViewCell.swift */; };
		169647E92051A73D0025EDB4 /* EntryCreationNavigationController.swift in Sources */ = {isa = PBXBuildFile; fileRef = 169647E82051A73D0025EDB4 /* EntryCreationNavigationController.swift */; };
		169A43E32052612F00B6D248 /* Main.storyboard in Resources */ = {isa = PBXBuildFile; fileRef = 169A43E22052612F00B6D248 /* Main.storyboard */; };
		169A43E5205268F800B6D248 /* Assets.xcassets in Resources */ = {isa = PBXBuildFile; fileRef = 169A43E4205268F800B6D248 /* Assets.xcassets */; };
		16E1F7EF205217FD007E5950 /* Container.swift in Sources */ = {isa = PBXBuildFile; fileRef = 16E1F7EE205217FD007E5950 /* Container.swift */; };
		16E1F7F120524430007E5950 /* UmbrellaListViewController.swift in Sources */ = {isa = PBXBuildFile; fileRef = 16E1F7F020524430007E5950 /* UmbrellaListViewController.swift */; };
		16E1F7F3205244FD007E5950 /* RaindropsListViewController.swift in Sources */ = {isa = PBXBuildFile; fileRef = 16E1F7F2205244FD007E5950 /* RaindropsListViewController.swift */; };
/* End PBXBuildFile section */

/* Begin PBXFileReference section */
		163CD9ED204DDD4B00A073DA /* umby.app */ = {isa = PBXFileReference; explicitFileType = wrapper.application; includeInIndex = 0; path = umby.app; sourceTree = BUILT_PRODUCTS_DIR; };
		163CD9F0204DDD4B00A073DA /* AppDelegate.swift */ = {isa = PBXFileReference; lastKnownFileType = sourcecode.swift; path = AppDelegate.swift; sourceTree = "<group>"; };
		163CD9F2204DDD4B00A073DA /* TextEntryViewController.swift */ = {isa = PBXFileReference; lastKnownFileType = sourcecode.swift; path = TextEntryViewController.swift; sourceTree = "<group>"; };
		163CD9F8204DDD4B00A073DA /* umby.xcdatamodel */ = {isa = PBXFileReference; lastKnownFileType = wrapper.xcdatamodel; path = umby.xcdatamodel; sourceTree = "<group>"; };
		163CD9FF204DDD4B00A073DA /* Info.plist */ = {isa = PBXFileReference; lastKnownFileType = text.plist.xml; path = Info.plist; sourceTree = "<group>"; };
		163CDA05204DE13C00A073DA /* UIView+.swift */ = {isa = PBXFileReference; lastKnownFileType = sourcecode.swift; path = "UIView+.swift"; sourceTree = "<group>"; };
		163CDA07204DE24500A073DA /* NSLayoutConstraint+.swift */ = {isa = PBXFileReference; lastKnownFileType = sourcecode.swift; path = "NSLayoutConstraint+.swift"; sourceTree = "<group>"; };
		163CDA0A204DE28400A073DA /* NSObject+.swift */ = {isa = PBXFileReference; lastKnownFileType = sourcecode.swift; path = "NSObject+.swift"; sourceTree = "<group>"; };
		163CDA0C204DE64600A073DA /* Array+.swift */ = {isa = PBXFileReference; lastKnownFileType = sourcecode.swift; path = "Array+.swift"; sourceTree = "<group>"; };
		163CDA0E204DECC500A073DA /* RootNavigationController.swift */ = {isa = PBXFileReference; lastKnownFileType = sourcecode.swift; path = RootNavigationController.swift; sourceTree = "<group>"; };
		163CDA10204DEDCF00A073DA /* TypeAndFeelingTagSelectorViewController.swift */ = {isa = PBXFileReference; lastKnownFileType = sourcecode.swift; path = TypeAndFeelingTagSelectorViewController.swift; sourceTree = "<group>"; };
		165283CC2058A20E0046B641 /* UmbyRadioButtonGroup.swift */ = {isa = PBXFileReference; lastKnownFileType = sourcecode.swift; path = UmbyRadioButtonGroup.swift; sourceTree = "<group>"; };
		165283CE2058BF700046B641 /* TagType.swift */ = {isa = PBXFileReference; lastKnownFileType = sourcecode.swift; path = TagType.swift; sourceTree = "<group>"; };
		165283D0205B38E40046B641 /* UmbySendEmailViewController.swift */ = {isa = PBXFileReference; lastKnownFileType = sourcecode.swift; path = UmbySendEmailViewController.swift; sourceTree = "<group>"; };
		1652BB732051A9B600AA3D2B /* EntryListNavigationController.swift */ = {isa = PBXFileReference; lastKnownFileType = sourcecode.swift; path = EntryListNavigationController.swift; sourceTree = "<group>"; };
		1652BB752051C9A100AA3D2B /* Entry.swift */ = {isa = PBXFileReference; lastKnownFileType = sourcecode.swift; path = Entry.swift; sourceTree = "<group>"; };
		1652BB772051CABB00AA3D2B /* EntryDetailViewController.swift */ = {isa = PBXFileReference; lastKnownFileType = sourcecode.swift; path = EntryDetailViewController.swift; sourceTree = "<group>"; };
		1652BB792051D3ED00AA3D2B /* EntryManager.swift */ = {isa = PBXFileReference; lastKnownFileType = sourcecode.swift; path = EntryManager.swift; sourceTree = "<group>"; };
		1652BB7C2051D75300AA3D2B /* UmbyNewEntryViewController.swift */ = {isa = PBXFileReference; lastKnownFileType = sourcecode.swift; path = UmbyNewEntryViewController.swift; sourceTree = "<group>"; };
		165C811C205C477A0097D2A5 /* Tag.swift */ = {isa = PBXFileReference; lastKnownFileType = sourcecode.swift; path = Tag.swift; sourceTree = "<group>"; };
		165C811F205C635B0097D2A5 /* Priority.swift */ = {isa = PBXFileReference; lastKnownFileType = sourcecode.swift; path = Priority.swift; sourceTree = "<group>"; };
		16666CF7204DF94B00E43007 /* UmbyStyle.swift */ = {isa = PBXFileReference; lastKnownFileType = sourcecode.swift; path = UmbyStyle.swift; sourceTree = "<group>"; };
		169647C7204F11020025EDB4 /* UIColor+.swift */ = {isa = PBXFileReference; lastKnownFileType = sourcecode.swift; path = "UIColor+.swift"; sourceTree = "<group>"; };
		169647C9204F208E0025EDB4 /* TagTableViewCell.swift */ = {isa = PBXFileReference; lastKnownFileType = sourcecode.swift; path = TagTableViewCell.swift; sourceTree = "<group>"; };
		169647CE204F2CFE0025EDB4 /* WhoAndWhereTagSelectorViewController.swift */ = {isa = PBXFileReference; lastKnownFileType = sourcecode.swift; path = WhoAndWhereTagSelectorViewController.swift; sourceTree = "<group>"; };
		169647D0204F45D80025EDB4 /* PrioritySelectorViewController.swift */ = {isa = PBXFileReference; lastKnownFileType = sourcecode.swift; path = PrioritySelectorViewController.swift; sourceTree = "<group>"; };
		169647D3204F46820025EDB4 /* UmbyLabel.swift */ = {isa = PBXFileReference; lastKnownFileType = sourcecode.swift; path = UmbyLabel.swift; sourceTree = "<group>"; };
		169647D5204F47990025EDB4 /* UmbyViewController.swift */ = {isa = PBXFileReference; lastKnownFileType = sourcecode.swift; path = UmbyViewController.swift; sourceTree = "<group>"; };
		169647D7204F48180025EDB4 /* UmbyTextField.swift */ = {isa = PBXFileReference; lastKnownFileType = sourcecode.swift; path = UmbyTextField.swift; sourceTree = "<group>"; };
		169647D9204F48E70025EDB4 /* UmbyButton.swift */ = {isa = PBXFileReference; lastKnownFileType = sourcecode.swift; path = UmbyButton.swift; sourceTree = "<group>"; };
		169647DB204F4A0F0025EDB4 /* UmbyTable.swift */ = {isa = PBXFileReference; lastKnownFileType = sourcecode.swift; path = UmbyTable.swift; sourceTree = "<group>"; };
		169647DD204F4E400025EDB4 /* UmbyTableViewController.swift */ = {isa = PBXFileReference; lastKnownFileType = sourcecode.swift; path = UmbyTableViewController.swift; sourceTree = "<group>"; };
		169647DF204F5B6A0025EDB4 /* SendEntryViewController.swift */ = {isa = PBXFileReference; lastKnownFileType = sourcecode.swift; path = SendEntryViewController.swift; sourceTree = "<group>"; };
		169647E1205076510025EDB4 /* EntryListViewController.swift */ = {isa = PBXFileReference; lastKnownFileType = sourcecode.swift; path = EntryListViewController.swift; sourceTree = "<group>"; };
		169647E520507BB60025EDB4 /* UmbyEntryTableViewCell.swift */ = {isa = PBXFileReference; lastKnownFileType = sourcecode.swift; path = UmbyEntryTableViewCell.swift; sourceTree = "<group>"; };
		169647E82051A73D0025EDB4 /* EntryCreationNavigationController.swift */ = {isa = PBXFileReference; lastKnownFileType = sourcecode.swift; path = EntryCreationNavigationController.swift; sourceTree = "<group>"; };
		169A43E22052612F00B6D248 /* Main.storyboard */ = {isa = PBXFileReference; lastKnownFileType = file.storyboard; path = Main.storyboard; sourceTree = "<group>"; };
		169A43E4205268F800B6D248 /* Assets.xcassets */ = {isa = PBXFileReference; lastKnownFileType = folder.assetcatalog; path = Assets.xcassets; sourceTree = "<group>"; };
		16E1F7EE205217FD007E5950 /* Container.swift */ = {isa = PBXFileReference; lastKnownFileType = sourcecode.swift; path = Container.swift; sourceTree = "<group>"; };
		16E1F7F020524430007E5950 /* UmbrellaListViewController.swift */ = {isa = PBXFileReference; lastKnownFileType = sourcecode.swift; path = UmbrellaListViewController.swift; sourceTree = "<group>"; };
		16E1F7F2205244FD007E5950 /* RaindropsListViewController.swift */ = {isa = PBXFileReference; lastKnownFileType = sourcecode.swift; path = RaindropsListViewController.swift; sourceTree = "<group>"; };
		1AAFC866B9446555336E0ACC /* Pods-umby.release.xcconfig */ = {isa = PBXFileReference; includeInIndex = 1; lastKnownFileType = text.xcconfig; name = "Pods-umby.release.xcconfig"; path = "Pods/Target Support Files/Pods-umby/Pods-umby.release.xcconfig"; sourceTree = "<group>"; };
		271C8F3FF23C9CA58CCFB48F /* Pods_umby.framework */ = {isa = PBXFileReference; explicitFileType = wrapper.framework; includeInIndex = 0; path = Pods_umby.framework; sourceTree = BUILT_PRODUCTS_DIR; };
		E07180C968F04771E4D071C1 /* Pods-umby.debug.xcconfig */ = {isa = PBXFileReference; includeInIndex = 1; lastKnownFileType = text.xcconfig; name = "Pods-umby.debug.xcconfig"; path = "Pods/Target Support Files/Pods-umby/Pods-umby.debug.xcconfig"; sourceTree = "<group>"; };
/* End PBXFileReference section */

/* Begin PBXFrameworksBuildPhase section */
		163CD9EA204DDD4B00A073DA /* Frameworks */ = {
			isa = PBXFrameworksBuildPhase;
			buildActionMask = 2147483647;
			files = (
			);
			runOnlyForDeploymentPostprocessing = 0;
		};
/* End PBXFrameworksBuildPhase section */

/* Begin PBXGroup section */
		163CD9E4204DDD4B00A073DA = {
			isa = PBXGroup;
			children = (
				169A43E4205268F800B6D248 /* Assets.xcassets */,
				169A43E22052612F00B6D248 /* Main.storyboard */,
				163CD9EF204DDD4B00A073DA /* umby */,
				163CD9EE204DDD4B00A073DA /* Products */,
				EE390C0B36926E6B47D60796 /* Pods */,
				AFD9F906531B652E96CA1630 /* Frameworks */,
			);
			sourceTree = "<group>";
		};
		163CD9EE204DDD4B00A073DA /* Products */ = {
			isa = PBXGroup;
			children = (
				163CD9ED204DDD4B00A073DA /* umby.app */,
			);
			name = Products;
			sourceTree = "<group>";
		};
		163CD9EF204DDD4B00A073DA /* umby */ = {
			isa = PBXGroup;
			children = (
				165C811E205C477E0097D2A5 /* Model */,
				169647E72051A6F40025EDB4 /* Navigation */,
				169647D2204F465E0025EDB4 /* Style */,
				169647CD204F2CA70025EDB4 /* Screens */,
				163CDA09204DE25000A073DA /* Extensions */,
				163CD9F0204DDD4B00A073DA /* AppDelegate.swift */,
				163CD9FF204DDD4B00A073DA /* Info.plist */,
				163CD9F7204DDD4B00A073DA /* umby.xcdatamodeld */,
				1652BB792051D3ED00AA3D2B /* EntryManager.swift */,
				16E1F7EE205217FD007E5950 /* Container.swift */,
			);
			path = umby;
			sourceTree = "<group>";
		};
		163CDA09204DE25000A073DA /* Extensions */ = {
			isa = PBXGroup;
			children = (
				163CDA05204DE13C00A073DA /* UIView+.swift */,
				163CDA07204DE24500A073DA /* NSLayoutConstraint+.swift */,
				163CDA0A204DE28400A073DA /* NSObject+.swift */,
				163CDA0C204DE64600A073DA /* Array+.swift */,
				169647C7204F11020025EDB4 /* UIColor+.swift */,
			);
			path = Extensions;
			sourceTree = "<group>";
		};
		1652BB7B2051D70E00AA3D2B /* New Entry */ = {
			isa = PBXGroup;
			children = (
				163CD9F2204DDD4B00A073DA /* TextEntryViewController.swift */,
				163CDA10204DEDCF00A073DA /* TypeAndFeelingTagSelectorViewController.swift */,
				169647C9204F208E0025EDB4 /* TagTableViewCell.swift */,
				169647CE204F2CFE0025EDB4 /* WhoAndWhereTagSelectorViewController.swift */,
				169647D0204F45D80025EDB4 /* PrioritySelectorViewController.swift */,
				169647DF204F5B6A0025EDB4 /* SendEntryViewController.swift */,
			);
			path = "New Entry";
			sourceTree = "<group>";
		};
		165C811E205C477E0097D2A5 /* Model */ = {
			isa = PBXGroup;
			children = (
				1652BB752051C9A100AA3D2B /* Entry.swift */,
				165C811F205C635B0097D2A5 /* Priority.swift */,
				165283CE2058BF700046B641 /* TagType.swift */,
				165C811C205C477A0097D2A5 /* Tag.swift */,
			);
			path = Model;
			sourceTree = "<group>";
		};
		169647CD204F2CA70025EDB4 /* Screens */ = {
			isa = PBXGroup;
			children = (
				1652BB7B2051D70E00AA3D2B /* New Entry */,
				169647E1205076510025EDB4 /* EntryListViewController.swift */,
				169647E520507BB60025EDB4 /* UmbyEntryTableViewCell.swift */,
				1652BB772051CABB00AA3D2B /* EntryDetailViewController.swift */,
				16E1F7F020524430007E5950 /* UmbrellaListViewController.swift */,
				16E1F7F2205244FD007E5950 /* RaindropsListViewController.swift */,
			);
			path = Screens;
			sourceTree = "<group>";
		};
		169647D2204F465E0025EDB4 /* Style */ = {
			isa = PBXGroup;
			children = (
				16666CF7204DF94B00E43007 /* UmbyStyle.swift */,
				169647D3204F46820025EDB4 /* UmbyLabel.swift */,
				169647D5204F47990025EDB4 /* UmbyViewController.swift */,
				169647D7204F48180025EDB4 /* UmbyTextField.swift */,
				169647D9204F48E70025EDB4 /* UmbyButton.swift */,
				169647DB204F4A0F0025EDB4 /* UmbyTable.swift */,
				169647DD204F4E400025EDB4 /* UmbyTableViewController.swift */,
				1652BB7C2051D75300AA3D2B /* UmbyNewEntryViewController.swift */,
				165283CC2058A20E0046B641 /* UmbyRadioButtonGroup.swift */,
				165283D0205B38E40046B641 /* UmbySendEmailViewController.swift */,
			);
			path = Style;
			sourceTree = "<group>";
		};
		169647E72051A6F40025EDB4 /* Navigation */ = {
			isa = PBXGroup;
			children = (
				163CDA0E204DECC500A073DA /* RootNavigationController.swift */,
				169647E82051A73D0025EDB4 /* EntryCreationNavigationController.swift */,
				1652BB732051A9B600AA3D2B /* EntryListNavigationController.swift */,
			);
			path = Navigation;
			sourceTree = "<group>";
		};
		AFD9F906531B652E96CA1630 /* Frameworks */ = {
			isa = PBXGroup;
			children = (
				271C8F3FF23C9CA58CCFB48F /* Pods_umby.framework */,
			);
			name = Frameworks;
			sourceTree = "<group>";
		};
		EE390C0B36926E6B47D60796 /* Pods */ = {
			isa = PBXGroup;
			children = (
				E07180C968F04771E4D071C1 /* Pods-umby.debug.xcconfig */,
				1AAFC866B9446555336E0ACC /* Pods-umby.release.xcconfig */,
			);
			name = Pods;
			sourceTree = "<group>";
		};
/* End PBXGroup section */

/* Begin PBXNativeTarget section */
		163CD9EC204DDD4B00A073DA /* umby */ = {
			isa = PBXNativeTarget;
			buildConfigurationList = 163CDA02204DDD4B00A073DA /* Build configuration list for PBXNativeTarget "umby" */;
			buildPhases = (
				4D775AD35FE68AD3349CC8AA /* [CP] Check Pods Manifest.lock */,
				163CD9E9204DDD4B00A073DA /* Sources */,
				163CD9EA204DDD4B00A073DA /* Frameworks */,
				163CD9EB204DDD4B00A073DA /* Resources */,
				2CCE6FBED65DC5B3327208C0 /* [CP] Embed Pods Frameworks */,
				9D9580A18640E1652E2BAE1D /* [CP] Copy Pods Resources */,
			);
			buildRules = (
			);
			dependencies = (
			);
			name = umby;
			productName = umby;
			productReference = 163CD9ED204DDD4B00A073DA /* umby.app */;
			productType = "com.apple.product-type.application";
		};
/* End PBXNativeTarget section */

/* Begin PBXProject section */
		163CD9E5204DDD4B00A073DA /* Project object */ = {
			isa = PBXProject;
			attributes = {
				LastSwiftUpdateCheck = 0920;
				LastUpgradeCheck = 0920;
				ORGANIZATIONNAME = "Jacob Lillioja";
				TargetAttributes = {
					163CD9EC204DDD4B00A073DA = {
						CreatedOnToolsVersion = 9.2;
						ProvisioningStyle = Automatic;
					};
				};
			};
			buildConfigurationList = 163CD9E8204DDD4B00A073DA /* Build configuration list for PBXProject "umby" */;
			compatibilityVersion = "Xcode 8.0";
			developmentRegion = en;
			hasScannedForEncodings = 0;
			knownRegions = (
				en,
				Base,
			);
			mainGroup = 163CD9E4204DDD4B00A073DA;
			productRefGroup = 163CD9EE204DDD4B00A073DA /* Products */;
			projectDirPath = "";
			projectRoot = "";
			targets = (
				163CD9EC204DDD4B00A073DA /* umby */,
			);
		};
/* End PBXProject section */

/* Begin PBXResourcesBuildPhase section */
		163CD9EB204DDD4B00A073DA /* Resources */ = {
			isa = PBXResourcesBuildPhase;
			buildActionMask = 2147483647;
			files = (
				169A43E5205268F800B6D248 /* Assets.xcassets in Resources */,
				169A43E32052612F00B6D248 /* Main.storyboard in Resources */,
			);
			runOnlyForDeploymentPostprocessing = 0;
		};
/* End PBXResourcesBuildPhase section */

/* Begin PBXShellScriptBuildPhase section */
		2CCE6FBED65DC5B3327208C0 /* [CP] Embed Pods Frameworks */ = {
			isa = PBXShellScriptBuildPhase;
			buildActionMask = 2147483647;
			files = (
			);
			inputPaths = (
				"${SRCROOT}/Pods/Target Support Files/Pods-umby/Pods-umby-frameworks.sh",
				"${BUILT_PRODUCTS_DIR}/Swinject/Swinject.framework",
			);
			name = "[CP] Embed Pods Frameworks";
			outputPaths = (
				"${TARGET_BUILD_DIR}/${FRAMEWORKS_FOLDER_PATH}/Swinject.framework",
			);
			runOnlyForDeploymentPostprocessing = 0;
			shellPath = /bin/sh;
			shellScript = "\"${SRCROOT}/Pods/Target Support Files/Pods-umby/Pods-umby-frameworks.sh\"\n";
			showEnvVarsInLog = 0;
		};
		4D775AD35FE68AD3349CC8AA /* [CP] Check Pods Manifest.lock */ = {
			isa = PBXShellScriptBuildPhase;
			buildActionMask = 2147483647;
			files = (
			);
			inputPaths = (
				"${PODS_PODFILE_DIR_PATH}/Podfile.lock",
				"${PODS_ROOT}/Manifest.lock",
			);
			name = "[CP] Check Pods Manifest.lock";
			outputPaths = (
				"$(DERIVED_FILE_DIR)/Pods-umby-checkManifestLockResult.txt",
			);
			runOnlyForDeploymentPostprocessing = 0;
			shellPath = /bin/sh;
			shellScript = "diff \"${PODS_PODFILE_DIR_PATH}/Podfile.lock\" \"${PODS_ROOT}/Manifest.lock\" > /dev/null\nif [ $? != 0 ] ; then\n    # print error to STDERR\n    echo \"error: The sandbox is not in sync with the Podfile.lock. Run 'pod install' or update your CocoaPods installation.\" >&2\n    exit 1\nfi\n# This output is used by Xcode 'outputs' to avoid re-running this script phase.\necho \"SUCCESS\" > \"${SCRIPT_OUTPUT_FILE_0}\"\n";
			showEnvVarsInLog = 0;
		};
		9D9580A18640E1652E2BAE1D /* [CP] Copy Pods Resources */ = {
			isa = PBXShellScriptBuildPhase;
			buildActionMask = 2147483647;
			files = (
			);
			inputPaths = (
			);
			name = "[CP] Copy Pods Resources";
			outputPaths = (
			);
			runOnlyForDeploymentPostprocessing = 0;
			shellPath = /bin/sh;
			shellScript = "\"${SRCROOT}/Pods/Target Support Files/Pods-umby/Pods-umby-resources.sh\"\n";
			showEnvVarsInLog = 0;
		};
/* End PBXShellScriptBuildPhase section */

/* Begin PBXSourcesBuildPhase section */
		163CD9E9204DDD4B00A073DA /* Sources */ = {
			isa = PBXSourcesBuildPhase;
			buildActionMask = 2147483647;
			files = (
				169647DA204F48E70025EDB4 /* UmbyButton.swift in Sources */,
				169647E2205076510025EDB4 /* EntryListViewController.swift in Sources */,
				169647E0204F5B6A0025EDB4 /* SendEntryViewController.swift in Sources */,
				169647D8204F48180025EDB4 /* UmbyTextField.swift in Sources */,
				163CDA06204DE13C00A073DA /* UIView+.swift in Sources */,
				169647DC204F4A0F0025EDB4 /* UmbyTable.swift in Sources */,
				169647DE204F4E400025EDB4 /* UmbyTableViewController.swift in Sources */,
				163CDA0F204DECC500A073DA /* RootNavigationController.swift in Sources */,
				169647E620507BB60025EDB4 /* UmbyEntryTableViewCell.swift in Sources */,
				1652BB742051A9B600AA3D2B /* EntryListNavigationController.swift in Sources */,
				163CDA0B204DE28400A073DA /* NSObject+.swift in Sources */,
				169647E92051A73D0025EDB4 /* EntryCreationNavigationController.swift in Sources */,
				165283CF2058BF700046B641 /* TagType.swift in Sources */,
				163CDA08204DE24500A073DA /* NSLayoutConstraint+.swift in Sources */,
				169647C8204F11020025EDB4 /* UIColor+.swift in Sources */,
				1652BB762051C9A100AA3D2B /* Entry.swift in Sources */,
				16E1F7F3205244FD007E5950 /* RaindropsListViewController.swift in Sources */,
				16666CF8204DF94B00E43007 /* UmbyStyle.swift in Sources */,
				169647D4204F46820025EDB4 /* UmbyLabel.swift in Sources */,
				163CD9F3204DDD4B00A073DA /* TextEntryViewController.swift in Sources */,
				165283D1205B38E40046B641 /* UmbySendEmailViewController.swift in Sources */,
				169647CF204F2CFE0025EDB4 /* WhoAndWhereTagSelectorViewController.swift in Sources */,
				16E1F7F120524430007E5950 /* UmbrellaListViewController.swift in Sources */,
				169647CA204F208E0025EDB4 /* TagTableViewCell.swift in Sources */,
				165C811D205C477A0097D2A5 /* Tag.swift in Sources */,
				163CD9F9204DDD4B00A073DA /* umby.xcdatamodeld in Sources */,
				165283CD2058A20E0046B641 /* UmbyRadioButtonGroup.swift in Sources */,
				163CD9F1204DDD4B00A073DA /* AppDelegate.swift in Sources */,
				169647D1204F45D80025EDB4 /* PrioritySelectorViewController.swift in Sources */,
				1652BB7D2051D75300AA3D2B /* UmbyNewEntryViewController.swift in Sources */,
				165C8120205C635B0097D2A5 /* Priority.swift in Sources */,
				169647D6204F47990025EDB4 /* UmbyViewController.swift in Sources */,
				1652BB7A2051D3ED00AA3D2B /* EntryManager.swift in Sources */,
				16E1F7EF205217FD007E5950 /* Container.swift in Sources */,
				163CDA11204DEDCF00A073DA /* TypeAndFeelingTagSelectorViewController.swift in Sources */,
				1652BB782051CABB00AA3D2B /* EntryDetailViewController.swift in Sources */,
				163CDA0D204DE64600A073DA /* Array+.swift in Sources */,
			);
			runOnlyForDeploymentPostprocessing = 0;
		};
/* End PBXSourcesBuildPhase section */

/* Begin XCBuildConfiguration section */
		163CDA00204DDD4B00A073DA /* Debug */ = {
			isa = XCBuildConfiguration;
			buildSettings = {
				ALWAYS_SEARCH_USER_PATHS = NO;
				CLANG_ANALYZER_NONNULL = YES;
				CLANG_ANALYZER_NUMBER_OBJECT_CONVERSION = YES_AGGRESSIVE;
				CLANG_CXX_LANGUAGE_STANDARD = "gnu++14";
				CLANG_CXX_LIBRARY = "libc++";
				CLANG_ENABLE_MODULES = YES;
				CLANG_ENABLE_OBJC_ARC = YES;
				CLANG_WARN_BLOCK_CAPTURE_AUTORELEASING = YES;
				CLANG_WARN_BOOL_CONVERSION = YES;
				CLANG_WARN_COMMA = YES;
				CLANG_WARN_CONSTANT_CONVERSION = YES;
				CLANG_WARN_DIRECT_OBJC_ISA_USAGE = YES_ERROR;
				CLANG_WARN_DOCUMENTATION_COMMENTS = YES;
				CLANG_WARN_EMPTY_BODY = YES;
				CLANG_WARN_ENUM_CONVERSION = YES;
				CLANG_WARN_INFINITE_RECURSION = YES;
				CLANG_WARN_INT_CONVERSION = YES;
				CLANG_WARN_NON_LITERAL_NULL_CONVERSION = YES;
				CLANG_WARN_OBJC_LITERAL_CONVERSION = YES;
				CLANG_WARN_OBJC_ROOT_CLASS = YES_ERROR;
				CLANG_WARN_RANGE_LOOP_ANALYSIS = YES;
				CLANG_WARN_STRICT_PROTOTYPES = YES;
				CLANG_WARN_SUSPICIOUS_MOVE = YES;
				CLANG_WARN_UNGUARDED_AVAILABILITY = YES_AGGRESSIVE;
				CLANG_WARN_UNREACHABLE_CODE = YES;
				CLANG_WARN__DUPLICATE_METHOD_MATCH = YES;
				CODE_SIGN_IDENTITY = "iPhone Developer";
				COPY_PHASE_STRIP = NO;
				DEBUG_INFORMATION_FORMAT = dwarf;
				ENABLE_STRICT_OBJC_MSGSEND = YES;
				ENABLE_TESTABILITY = YES;
				GCC_C_LANGUAGE_STANDARD = gnu11;
				GCC_DYNAMIC_NO_PIC = NO;
				GCC_NO_COMMON_BLOCKS = YES;
				GCC_OPTIMIZATION_LEVEL = 0;
				GCC_PREPROCESSOR_DEFINITIONS = (
					"DEBUG=1",
					"$(inherited)",
				);
				GCC_WARN_64_TO_32_BIT_CONVERSION = YES;
				GCC_WARN_ABOUT_RETURN_TYPE = YES_ERROR;
				GCC_WARN_UNDECLARED_SELECTOR = YES;
				GCC_WARN_UNINITIALIZED_AUTOS = YES_AGGRESSIVE;
				GCC_WARN_UNUSED_FUNCTION = YES;
				GCC_WARN_UNUSED_VARIABLE = YES;
				IPHONEOS_DEPLOYMENT_TARGET = 11.2;
				MTL_ENABLE_DEBUG_INFO = YES;
				ONLY_ACTIVE_ARCH = YES;
				SDKROOT = iphoneos;
				SWIFT_ACTIVE_COMPILATION_CONDITIONS = DEBUG;
				SWIFT_OPTIMIZATION_LEVEL = "-Onone";
			};
			name = Debug;
		};
		163CDA01204DDD4B00A073DA /* Release */ = {
			isa = XCBuildConfiguration;
			buildSettings = {
				ALWAYS_SEARCH_USER_PATHS = NO;
				CLANG_ANALYZER_NONNULL = YES;
				CLANG_ANALYZER_NUMBER_OBJECT_CONVERSION = YES_AGGRESSIVE;
				CLANG_CXX_LANGUAGE_STANDARD = "gnu++14";
				CLANG_CXX_LIBRARY = "libc++";
				CLANG_ENABLE_MODULES = YES;
				CLANG_ENABLE_OBJC_ARC = YES;
				CLANG_WARN_BLOCK_CAPTURE_AUTORELEASING = YES;
				CLANG_WARN_BOOL_CONVERSION = YES;
				CLANG_WARN_COMMA = YES;
				CLANG_WARN_CONSTANT_CONVERSION = YES;
				CLANG_WARN_DIRECT_OBJC_ISA_USAGE = YES_ERROR;
				CLANG_WARN_DOCUMENTATION_COMMENTS = YES;
				CLANG_WARN_EMPTY_BODY = YES;
				CLANG_WARN_ENUM_CONVERSION = YES;
				CLANG_WARN_INFINITE_RECURSION = YES;
				CLANG_WARN_INT_CONVERSION = YES;
				CLANG_WARN_NON_LITERAL_NULL_CONVERSION = YES;
				CLANG_WARN_OBJC_LITERAL_CONVERSION = YES;
				CLANG_WARN_OBJC_ROOT_CLASS = YES_ERROR;
				CLANG_WARN_RANGE_LOOP_ANALYSIS = YES;
				CLANG_WARN_STRICT_PROTOTYPES = YES;
				CLANG_WARN_SUSPICIOUS_MOVE = YES;
				CLANG_WARN_UNGUARDED_AVAILABILITY = YES_AGGRESSIVE;
				CLANG_WARN_UNREACHABLE_CODE = YES;
				CLANG_WARN__DUPLICATE_METHOD_MATCH = YES;
				CODE_SIGN_IDENTITY = "iPhone Developer";
				COPY_PHASE_STRIP = NO;
				DEBUG_INFORMATION_FORMAT = "dwarf-with-dsym";
				ENABLE_NS_ASSERTIONS = NO;
				ENABLE_STRICT_OBJC_MSGSEND = YES;
				GCC_C_LANGUAGE_STANDARD = gnu11;
				GCC_NO_COMMON_BLOCKS = YES;
				GCC_WARN_64_TO_32_BIT_CONVERSION = YES;
				GCC_WARN_ABOUT_RETURN_TYPE = YES_ERROR;
				GCC_WARN_UNDECLARED_SELECTOR = YES;
				GCC_WARN_UNINITIALIZED_AUTOS = YES_AGGRESSIVE;
				GCC_WARN_UNUSED_FUNCTION = YES;
				GCC_WARN_UNUSED_VARIABLE = YES;
				IPHONEOS_DEPLOYMENT_TARGET = 11.2;
				MTL_ENABLE_DEBUG_INFO = NO;
				SDKROOT = iphoneos;
				SWIFT_OPTIMIZATION_LEVEL = "-Owholemodule";
				VALIDATE_PRODUCT = YES;
			};
			name = Release;
		};
		163CDA03204DDD4B00A073DA /* Debug */ = {
			isa = XCBuildConfiguration;
			baseConfigurationReference = E07180C968F04771E4D071C1 /* Pods-umby.debug.xcconfig */;
			buildSettings = {
				ASSETCATALOG_COMPILER_APPICON_NAME = AppIcon;
				CODE_SIGN_STYLE = Automatic;
				DEVELOPMENT_TEAM = 34J4GF89XX;
				FRAMEWORK_SEARCH_PATHS = "";
				INFOPLIST_FILE = umby/Info.plist;
				LD_RUNPATH_SEARCH_PATHS = "$(inherited) @executable_path/Frameworks";
				PRODUCT_BUNDLE_IDENTIFIER = com.jlillioja.umby;
				PRODUCT_NAME = "$(TARGET_NAME)";
				SWIFT_VERSION = 4.0;
				TARGETED_DEVICE_FAMILY = "1,2";
			};
			name = Debug;
		};
		163CDA04204DDD4B00A073DA /* Release */ = {
			isa = XCBuildConfiguration;
			baseConfigurationReference = 1AAFC866B9446555336E0ACC /* Pods-umby.release.xcconfig */;
			buildSettings = {
				ASSETCATALOG_COMPILER_APPICON_NAME = AppIcon;
				CODE_SIGN_STYLE = Automatic;
				DEVELOPMENT_TEAM = 34J4GF89XX;
				FRAMEWORK_SEARCH_PATHS = "";
				INFOPLIST_FILE = umby/Info.plist;
				LD_RUNPATH_SEARCH_PATHS = "$(inherited) @executable_path/Frameworks";
				PRODUCT_BUNDLE_IDENTIFIER = com.jlillioja.umby;
				PRODUCT_NAME = "$(TARGET_NAME)";
				SWIFT_VERSION = 4.0;
				TARGETED_DEVICE_FAMILY = "1,2";
			};
			name = Release;
		};
/* End XCBuildConfiguration section */

/* Begin XCConfigurationList section */
		163CD9E8204DDD4B00A073DA /* Build configuration list for PBXProject "umby" */ = {
			isa = XCConfigurationList;
			buildConfigurations = (
				163CDA00204DDD4B00A073DA /* Debug */,
				163CDA01204DDD4B00A073DA /* Release */,
			);
			defaultConfigurationIsVisible = 0;
			defaultConfigurationName = Release;
		};
		163CDA02204DDD4B00A073DA /* Build configuration list for PBXNativeTarget "umby" */ = {
			isa = XCConfigurationList;
			buildConfigurations = (
				163CDA03204DDD4B00A073DA /* Debug */,
				163CDA04204DDD4B00A073DA /* Release */,
			);
			defaultConfigurationIsVisible = 0;
			defaultConfigurationName = Release;
		};
/* End XCConfigurationList section */

/* Begin XCVersionGroup section */
		163CD9F7204DDD4B00A073DA /* umby.xcdatamodeld */ = {
			isa = XCVersionGroup;
			children = (
				163CD9F8204DDD4B00A073DA /* umby.xcdatamodel */,
			);
			currentVersion = 163CD9F8204DDD4B00A073DA /* umby.xcdatamodel */;
			path = umby.xcdatamodeld;
			sourceTree = "<group>";
			versionGroupType = wrapper.xcdatamodel;
		};
/* End XCVersionGroup section */
	};
	rootObject = 163CD9E5204DDD4B00A073DA /* Project object */;
}
